<Solution>
  <Folder Name="/src/">
    <Project Path="src/BitThicket.Steward.Api/BitThicket.Steward.Api.fsproj" />
    <Project Path="src/BitThicket.Steward.Ingestion.Akoya/BitThicket.Steward.Ingestion.Akoya.fsproj" />
    <Project Path="src/BitThicket.Steward.Ingestion.Plaid/BitThicket.Steward.Ingestion.Plaid.fsproj" />
  </Folder>
  <Folder Name="/test/">
    <Project Path="test/BitThicket.Steward.Api.Test/BitThicket.Steward.Api.Test.fsproj" />
  </Folder>
</Solution>
